// !$*UTF8*$!
{
	archiveVersion = 1;
	classes = {
	};
	objectVersion = 50;
	objects = {

/* Begin PBXBuildFile section */
		2250768C260B4ACF008C48DB /* AppDelegate.swift in Sources */ = {isa = PBXBuildFile; fileRef = 2250768B260B4ACF008C48DB /* AppDelegate.swift */; };
		2250768E260B4ACF008C48DB /* SceneDelegate.swift in Sources */ = {isa = PBXBuildFile; fileRef = 2250768D260B4ACF008C48DB /* SceneDelegate.swift */; };
		22507690260B4ACF008C48DB /* ViewController.swift in Sources */ = {isa = PBXBuildFile; fileRef = 2250768F260B4ACF008C48DB /* ViewController.swift */; };
		22507693260B4ACF008C48DB /* Main.storyboard in Resources */ = {isa = PBXBuildFile; fileRef = 22507691260B4ACF008C48DB /* Main.storyboard */; };
		22507696260B4ACF008C48DB /* ios_learning__todo_list.xcdatamodeld in Sources */ = {isa = PBXBuildFile; fileRef = 22507694260B4ACF008C48DB /* ios_learning__todo_list.xcdatamodeld */; };
		22507698260B4AD1008C48DB /* Assets.xcassets in Resources */ = {isa = PBXBuildFile; fileRef = 22507697260B4AD1008C48DB /* Assets.xcassets */; };
		2250769B260B4AD1008C48DB /* LaunchScreen.storyboard in Resources */ = {isa = PBXBuildFile; fileRef = 22507699260B4AD1008C48DB /* LaunchScreen.storyboard */; };
/* End PBXBuildFile section */

/* Begin PBXFileReference section */
		22507688260B4ACF008C48DB /* ios-learning--todo-list.app */ = {isa = PBXFileReference; explicitFileType = wrapper.application; includeInIndex = 0; path = "ios-learning--todo-list.app"; sourceTree = BUILT_PRODUCTS_DIR; };
		2250768B260B4ACF008C48DB /* AppDelegate.swift */ = {isa = PBXFileReference; lastKnownFileType = sourcecode.swift; path = AppDelegate.swift; sourceTree = "<group>"; };
		2250768D260B4ACF008C48DB /* SceneDelegate.swift */ = {isa = PBXFileReference; lastKnownFileType = sourcecode.swift; path = SceneDelegate.swift; sourceTree = "<group>"; };
		2250768F260B4ACF008C48DB /* ViewController.swift */ = {isa = PBXFileReference; lastKnownFileType = sourcecode.swift; path = ViewController.swift; sourceTree = "<group>"; };
		22507692260B4ACF008C48DB /* Base */ = {isa = PBXFileReference; lastKnownFileType = file.storyboard; name = Base; path = Base.lproj/Main.storyboard; sourceTree = "<group>"; };
		22507695260B4ACF008C48DB /* ios_learning__todo_list.xcdatamodel */ = {isa = PBXFileReference; lastKnownFileType = wrapper.xcdatamodel; path = ios_learning__todo_list.xcdatamodel; sourceTree = "<group>"; };
		22507697260B4AD1008C48DB /* Assets.xcassets */ = {isa = PBXFileReference; lastKnownFileType = folder.assetcatalog; path = Assets.xcassets; sourceTree = "<group>"; };
		2250769A260B4AD1008C48DB /* Base */ = {isa = PBXFileReference; lastKnownFileType = file.storyboard; name = Base; path = Base.lproj/LaunchScreen.storyboard; sourceTree = "<group>"; };
		2250769C260B4AD2008C48DB /* Info.plist */ = {isa = PBXFileReference; lastKnownFileType = text.plist.xml; path = Info.plist; sourceTree = "<group>"; };
/* End PBXFileReference section */

/* Begin PBXFrameworksBuildPhase section */
		22507685260B4ACF008C48DB /* Frameworks */ = {
			isa = PBXFrameworksBuildPhase;
			buildActionMask = 2147483647;
			files = (
			);
			runOnlyForDeploymentPostprocessing = 0;
		};
/* End PBXFrameworksBuildPhase section */

/* Begin PBXGroup section */
		2250767F260B4ACF008C48DB = {
			isa = PBXGroup;
			children = (
				2250768A260B4ACF008C48DB /* ios-learning--todo-list */,
				22507689260B4ACF008C48DB /* Products */,
			);
			sourceTree = "<group>";
		};
		22507689260B4ACF008C48DB /* Products */ = {
			isa = PBXGroup;
			children = (
				22507688260B4ACF008C48DB /* ios-learning--todo-list.app */,
			);
			name = Products;
			sourceTree = "<group>";
		};
		2250768A260B4ACF008C48DB /* ios-learning--todo-list */ = {
			isa = PBXGroup;
			children = (
				2250768B260B4ACF008C48DB /* AppDelegate.swift */,
				2250768D260B4ACF008C48DB /* SceneDelegate.swift */,
				2250768F260B4ACF008C48DB /* ViewController.swift */,
				22507691260B4ACF008C48DB /* Main.storyboard */,
				22507697260B4AD1008C48DB /* Assets.xcassets */,
				22507699260B4AD1008C48DB /* LaunchScreen.storyboard */,
				2250769C260B4AD2008C48DB /* Info.plist */,
				22507694260B4ACF008C48DB /* ios_learning__todo_list.xcdatamodeld */,
			);
			path = "ios-learning--todo-list";
			sourceTree = "<group>";
		};
/* End PBXGroup section */

/* Begin PBXNativeTarget section */
		22507687260B4ACF008C48DB /* ios-learning--todo-list */ = {
			isa = PBXNativeTarget;
			buildConfigurationList = 2250769F260B4AD2008C48DB /* Build configuration list for PBXNativeTarget "ios-learning--todo-list" */;
			buildPhases = (
				22507684260B4ACF008C48DB /* Sources */,
				22507685260B4ACF008C48DB /* Frameworks */,
				22507686260B4ACF008C48DB /* Resources */,
			);
			buildRules = (
			);
			dependencies = (
			);
			name = "ios-learning--todo-list";
			productName = "ios-learning--todo-list";
			productReference = 22507688260B4ACF008C48DB /* ios-learning--todo-list.app */;
			productType = "com.apple.product-type.application";
		};
/* End PBXNativeTarget section */

/* Begin PBXProject section */
		22507680260B4ACF008C48DB /* Project object */ = {
			isa = PBXProject;
			attributes = {
				LastSwiftUpdateCheck = 1240;
				LastUpgradeCheck = 1240;
				TargetAttributes = {
					22507687260B4ACF008C48DB = {
						CreatedOnToolsVersion = 12.4;
					};
				};
			};
			buildConfigurationList = 22507683260B4ACF008C48DB /* Build configuration list for PBXProject "ios-learning--todo-list" */;
			compatibilityVersion = "Xcode 9.3";
			developmentRegion = en;
			hasScannedForEncodings = 0;
			knownRegions = (
				en,
				Base,
			);
			mainGroup = 2250767F260B4ACF008C48DB;
			productRefGroup = 22507689260B4ACF008C48DB /* Products */;
			projectDirPath = "";
			projectRoot = "";
			targets = (
				22507687260B4ACF008C48DB /* ios-learning--todo-list */,
			);
		};
/* End PBXProject section */

/* Begin PBXResourcesBuildPhase section */
		22507686260B4ACF008C48DB /* Resources */ = {
			isa = PBXResourcesBuildPhase;
			buildActionMask = 2147483647;
			files = (
				2250769B260B4AD1008C48DB /* LaunchScreen.storyboard in Resources */,
				22507698260B4AD1008C48DB /* Assets.xcassets in Resources */,
				22507693260B4ACF008C48DB /* Main.storyboard in Resources */,
			);
			runOnlyForDeploymentPostprocessing = 0;
		};
/* End PBXResourcesBuildPhase section */

/* Begin PBXSourcesBuildPhase section */
		22507684260B4ACF008C48DB /* Sources */ = {
			isa = PBXSourcesBuildPhase;
			buildActionMask = 2147483647;
			files = (
				22507690260B4ACF008C48DB /* ViewController.swift in Sources */,
				22507696260B4ACF008C48DB /* ios_learning__todo_list.xcdatamodeld in Sources */,
				2250768C260B4ACF008C48DB /* AppDelegate.swift in Sources */,
				2250768E260B4ACF008C48DB /* SceneDelegate.swift in Sources */,
			);
			runOnlyForDeploymentPostprocessing = 0;
		};
/* End PBXSourcesBuildPhase section */

/* Begin PBXVariantGroup section */
		22507691260B4ACF008C48DB /* Main.storyboard */ = {
			isa = PBXVariantGroup;
			children = (
				22507692260B4ACF008C48DB /* Base */,
			);
			name = Main.storyboard;
			sourceTree = "<group>";
		};
		22507699260B4AD1008C48DB /* LaunchScreen.storyboard */ = {
			isa = PBXVariantGroup;
			children = (
				2250769A260B4AD1008C48DB /* Base */,
			);
			name = LaunchScreen.storyboard;
			sourceTree = "<group>";
		};
/* End PBXVariantGroup section */

/* Begin XCBuildConfiguration section */
		2250769D260B4AD2008C48DB /* Debug */ = {
			isa = XCBuildConfiguration;
			buildSettings = {
				ALWAYS_SEARCH_USER_PATHS = NO;
				CLANG_ANALYZER_NONNULL = YES;
				CLANG_ANALYZER_NUMBER_OBJECT_CONVERSION = YES_AGGRESSIVE;
				CLANG_CXX_LANGUAGE_STANDARD = "gnu++14";
				CLANG_CXX_LIBRARY = "libc++";
				CLANG_ENABLE_MODULES = YES;
				CLANG_ENABLE_OBJC_ARC = YES;
				CLANG_ENABLE_OBJC_WEAK = YES;
				CLANG_WARN_BLOCK_CAPTURE_AUTORELEASING = YES;
				CLANG_WARN_BOOL_CONVERSION = YES;
				CLANG_WARN_COMMA = YES;
				CLANG_WARN_CONSTANT_CONVERSION = YES;
				CLANG_WARN_DEPRECATED_OBJC_IMPLEMENTATIONS = YES;
				CLANG_WARN_DIRECT_OBJC_ISA_USAGE = YES_ERROR;
				CLANG_WARN_DOCUMENTATION_COMMENTS = YES;
				CLANG_WARN_EMPTY_BODY = YES;
				CLANG_WARN_ENUM_CONVERSION = YES;
				CLANG_WARN_INFINITE_RECURSION = YES;
				CLANG_WARN_INT_CONVERSION = YES;
				CLANG_WARN_NON_LITERAL_NULL_CONVERSION = YES;
				CLANG_WARN_OBJC_IMPLICIT_RETAIN_SELF = YES;
				CLANG_WARN_OBJC_LITERAL_CONVERSION = YES;
				CLANG_WARN_OBJC_ROOT_CLASS = YES_ERROR;
				CLANG_WARN_QUOTED_INCLUDE_IN_FRAMEWORK_HEADER = YES;
				CLANG_WARN_RANGE_LOOP_ANALYSIS = YES;
				CLANG_WARN_STRICT_PROTOTYPES = YES;
				CLANG_WARN_SUSPICIOUS_MOVE = YES;
				CLANG_WARN_UNGUARDED_AVAILABILITY = YES_AGGRESSIVE;
				CLANG_WARN_UNREACHABLE_CODE = YES;
				CLANG_WARN__DUPLICATE_METHOD_MATCH = YES;
				COPY_PHASE_STRIP = NO;
				DEBUG_INFORMATION_FORMAT = dwarf;
				ENABLE_STRICT_OBJC_MSGSEND = YES;
				ENABLE_TESTABILITY = YES;
				GCC_C_LANGUAGE_STANDARD = gnu11;
				GCC_DYNAMIC_NO_PIC = NO;
				GCC_NO_COMMON_BLOCKS = YES;
				GCC_OPTIMIZATION_LEVEL = 0;
				GCC_PREPROCESSOR_DEFINITIONS = (
					"DEBUG=1",
					"$(inherited)",
				);
				GCC_WARN_64_TO_32_BIT_CONVERSION = YES;
				GCC_WARN_ABOUT_RETURN_TYPE = YES_ERROR;
				GCC_WARN_UNDECLARED_SELECTOR = YES;
				GCC_WARN_UNINITIALIZED_AUTOS = YES_AGGRESSIVE;
				GCC_WARN_UNUSED_FUNCTION = YES;
				GCC_WARN_UNUSED_VARIABLE = YES;
				IPHONEOS_DEPLOYMENT_TARGET = 14.4;
				MTL_ENABLE_DEBUG_INFO = INCLUDE_SOURCE;
				MTL_FAST_MATH = YES;
				ONLY_ACTIVE_ARCH = YES;
				SDKROOT = iphoneos;
				SWIFT_ACTIVE_COMPILATION_CONDITIONS = DEBUG;
				SWIFT_OPTIMIZATION_LEVEL = "-Onone";
			};
			name = Debug;
		};
		2250769E260B4AD2008C48DB /* Release */ = {
			isa = XCBuildConfiguration;
			buildSettings = {
				ALWAYS_SEARCH_USER_PATHS = NO;
				CLANG_ANALYZER_NONNULL = YES;
				CLANG_ANALYZER_NUMBER_OBJECT_CONVERSION = YES_AGGRESSIVE;
				CLANG_CXX_LANGUAGE_STANDARD = "gnu++14";
				CLANG_CXX_LIBRARY = "libc++";
				CLANG_ENABLE_MODULES = YES;
				CLANG_ENABLE_OBJC_ARC = YES;
				CLANG_ENABLE_OBJC_WEAK = YES;
				CLANG_WARN_BLOCK_CAPTURE_AUTORELEASING = YES;
				CLANG_WARN_BOOL_CONVERSION = YES;
				CLANG_WARN_COMMA = YES;
				CLANG_WARN_CONSTANT_CONVERSION = YES;
				CLANG_WARN_DEPRECATED_OBJC_IMPLEMENTATIONS = YES;
				CLANG_WARN_DIRECT_OBJC_ISA_USAGE = YES_ERROR;
				CLANG_WARN_DOCUMENTATION_COMMENTS = YES;
				CLANG_WARN_EMPTY_BODY = YES;
				CLANG_WARN_ENUM_CONVERSION = YES;
				CLANG_WARN_INFINITE_RECURSION = YES;
				CLANG_WARN_INT_CONVERSION = YES;
				CLANG_WARN_NON_LITERAL_NULL_CONVERSION = YES;
				CLANG_WARN_OBJC_IMPLICIT_RETAIN_SELF = YES;
				CLANG_WARN_OBJC_LITERAL_CONVERSION = YES;
				CLANG_WARN_OBJC_ROOT_CLASS = YES_ERROR;
				CLANG_WARN_QUOTED_INCLUDE_IN_FRAMEWORK_HEADER = YES;
				CLANG_WARN_RANGE_LOOP_ANALYSIS = YES;
				CLANG_WARN_STRICT_PROTOTYPES = YES;
				CLANG_WARN_SUSPICIOUS_MOVE = YES;
				CLANG_WARN_UNGUARDED_AVAILABILITY = YES_AGGRESSIVE;
				CLANG_WARN_UNREACHABLE_CODE = YES;
				CLANG_WARN__DUPLICATE_METHOD_MATCH = YES;
				COPY_PHASE_STRIP = NO;
				DEBUG_INFORMATION_FORMAT = "dwarf-with-dsym";
				ENABLE_NS_ASSERTIONS = NO;
				ENABLE_STRICT_OBJC_MSGSEND = YES;
				GCC_C_LANGUAGE_STANDARD = gnu11;
				GCC_NO_COMMON_BLOCKS = YES;
				GCC_WARN_64_TO_32_BIT_CONVERSION = YES;
				GCC_WARN_ABOUT_RETURN_TYPE = YES_ERROR;
				GCC_WARN_UNDECLARED_SELECTOR = YES;
				GCC_WARN_UNINITIALIZED_AUTOS = YES_AGGRESSIVE;
				GCC_WARN_UNUSED_FUNCTION = YES;
				GCC_WARN_UNUSED_VARIABLE = YES;
				IPHONEOS_DEPLOYMENT_TARGET = 14.4;
				MTL_ENABLE_DEBUG_INFO = NO;
				MTL_FAST_MATH = YES;
				SDKROOT = iphoneos;
				SWIFT_COMPILATION_MODE = wholemodule;
				SWIFT_OPTIMIZATION_LEVEL = "-O";
				VALIDATE_PRODUCT = YES;
			};
			name = Release;
		};
		225076A0260B4AD2008C48DB /* Debug */ = {
			isa = XCBuildConfiguration;
			buildSettings = {
				ASSETCATALOG_COMPILER_APPICON_NAME = AppIcon;
				ASSETCATALOG_COMPILER_GLOBAL_ACCENT_COLOR_NAME = AccentColor;
				CODE_SIGN_STYLE = Automatic;
				DEVELOPMENT_TEAM = 9X3MVJZRD6;
				INFOPLIST_FILE = "ios-learning--todo-list/Info.plist";
				LD_RUNPATH_SEARCH_PATHS = (
					"$(inherited)",
					"@executable_path/Frameworks",
				);
				PRODUCT_BUNDLE_IDENTIFIER = "com.serasmi.ios-learning--todo-list";
				PRODUCT_NAME = "$(TARGET_NAME)";
				SWIFT_VERSION = 5.0;
				TARGETED_DEVICE_FAMILY = "1,2";
			};
			name = Debug;
		};
		225076A1260B4AD2008C48DB /* Release */ = {
			isa = XCBuildConfiguration;
			buildSettings = {
				ASSETCATALOG_COMPILER_APPICON_NAME = AppIcon;
				ASSETCATALOG_COMPILER_GLOBAL_ACCENT_COLOR_NAME = AccentColor;
				CODE_SIGN_STYLE = Automatic;
				DEVELOPMENT_TEAM = 9X3MVJZRD6;
				INFOPLIST_FILE = "ios-learning--todo-list/Info.plist";
				LD_RUNPATH_SEARCH_PATHS = (
					"$(inherited)",
					"@executable_path/Frameworks",
				);
				PRODUCT_BUNDLE_IDENTIFIER = "com.serasmi.ios-learning--todo-list";
				PRODUCT_NAME = "$(TARGET_NAME)";
				SWIFT_VERSION = 5.0;
				TARGETED_DEVICE_FAMILY = "1,2";
			};
			name = Release;
		};
/* End XCBuildConfiguration section */

/* Begin XCConfigurationList section */
		22507683260B4ACF008C48DB /* Build configuration list for PBXProject "ios-learning--todo-list" */ = {
			isa = XCConfigurationList;
			buildConfigurations = (
				2250769D260B4AD2008C48DB /* Debug */,
				2250769E260B4AD2008C48DB /* Release */,
			);
			defaultConfigurationIsVisible = 0;
			defaultConfigurationName = Release;
		};
		2250769F260B4AD2008C48DB /* Build configuration list for PBXNativeTarget "ios-learning--todo-list" */ = {
			isa = XCConfigurationList;
			buildConfigurations = (
				225076A0260B4AD2008C48DB /* Debug */,
				225076A1260B4AD2008C48DB /* Release */,
			);
			defaultConfigurationIsVisible = 0;
			defaultConfigurationName = Release;
		};
/* End XCConfigurationList section */

/* Begin XCVersionGroup section */
		22507694260B4ACF008C48DB /* ios_learning__todo_list.xcdatamodeld */ = {
			isa = XCVersionGroup;
			children = (
				22507695260B4ACF008C48DB /* ios_learning__todo_list.xcdatamodel */,
			);
			currentVersion = 22507695260B4ACF008C48DB /* ios_learning__todo_list.xcdatamodel */;
			path = ios_learning__todo_list.xcdatamodeld;
			sourceTree = "<group>";
			versionGroupType = wrapper.xcdatamodel;
		};
/* End XCVersionGroup section */
	};
	rootObject = 22507680260B4ACF008C48DB /* Project object */;
}
